
Microsoft Visual Studio Solution File, Format Version 12.00
# Visual Studio 15
VisualStudioVersion = 15.0.27703.2000
MinimumVisualStudioVersion = 10.0.40219.1
Project("{9A19103F-16F7-4668-BE54-9A1E7A4F7556}") = "MacrotisOrientation", "MarcotisOrientaion\MacrotisOrientation.csproj", "{4861C45F-8423-497D-B6C4-7B2191A5DBBD}"
EndProject
Global
	GlobalSection(SolutionConfigurationPlatforms) = preSolution
		Debug|Any CPU = Debug|Any CPU
		Release|Any CPU = Release|Any CPU
	EndGlobalSection
	GlobalSection(ProjectConfigurationPlatforms) = postSolution
		{4861C45F-8423-497D-B6C4-7B2191A5DBBD}.Debug|Any CPU.ActiveCfg = Debug|Any CPU
		{4861C45F-8423-497D-B6C4-7B2191A5DBBD}.Debug|Any CPU.Build.0 = Debug|Any CPU
		{4861C45F-8423-497D-B6C4-7B2191A5DBBD}.Release|Any CPU.ActiveCfg = Release|Any CPU
		{4861C45F-8423-497D-B6C4-7B2191A5DBBD}.Release|Any CPU.Build.0 = Release|Any CPU
	EndGlobalSection
	GlobalSection(SolutionProperties) = preSolution
		HideSolutionNode = FALSE
	EndGlobalSection
	GlobalSection(ExtensibilityGlobals) = postSolution
		SolutionGuid = {32F7666C-08B0-4B89-933D-10510F4EF619}
	EndGlobalSection
EndGlobal
